
Microsoft Visual Studio Solution File, Format Version 12.00
# Visual Studio Version 16
VisualStudioVersion = 16.0.29521.150
MinimumVisualStudioVersion = 10.0.40219.1
Project("{FAE04EC0-301F-11D3-BF4B-00C04F79EFBC}") = "DomainDrivenDesign", "DomainDrivenDesign\DomainDrivenDesign.csproj", "{2637CD54-C1C5-4D16-B417-2BC39CA3DB15}"
EndProject
Global
	GlobalSection(SolutionConfigurationPlatforms) = preSolution
		Debug|Any CPU = Debug|Any CPU
		Release|Any CPU = Release|Any CPU
	EndGlobalSection
	GlobalSection(ProjectConfigurationPlatforms) = postSolution
		{2637CD54-C1C5-4D16-B417-2BC39CA3DB15}.Debug|Any CPU.ActiveCfg = Debug|Any CPU
		{2637CD54-C1C5-4D16-B417-2BC39CA3DB15}.Debug|Any CPU.Build.0 = Debug|Any CPU
		{2637CD54-C1C5-4D16-B417-2BC39CA3DB15}.Release|Any CPU.ActiveCfg = Release|Any CPU
		{2637CD54-C1C5-4D16-B417-2BC39CA3DB15}.Release|Any CPU.Build.0 = Release|Any CPU
	EndGlobalSection
	GlobalSection(SolutionProperties) = preSolution
		HideSolutionNode = FALSE
	EndGlobalSection
	GlobalSection(ExtensibilityGlobals) = postSolution
		SolutionGuid = {F11E6803-DFDA-4FB2-86BD-54CAF41A2FF9}
	EndGlobalSection
EndGlobal
