
Microsoft Visual Studio Solution File, Format Version 12.00
# Visual Studio Version 16
VisualStudioVersion = 16.0.29521.150
MinimumVisualStudioVersion = 10.0.40219.1
Project("{FAE04EC0-301F-11D3-BF4B-00C04F79EFBC}") = "SmartDomainDrivenDesign", "SmartDomainDrivenDesign\SmartDomainDrivenDesign.csproj", "{9DA917DF-78CF-4AE6-9088-60CEB8CF9427}"
EndProject
Project("{FAE04EC0-301F-11D3-BF4B-00C04F79EFBC}") = "SmartDomainDrivenDesign.OrderSample", "SmartDomainDrivenDesign.OrderSample\SmartDomainDrivenDesign.OrderSample.csproj", "{0E5E9FB9-8918-4B9A-A32A-59472386FCAA}"
EndProject
Global
	GlobalSection(SolutionConfigurationPlatforms) = preSolution
		Debug|Any CPU = Debug|Any CPU
		Release|Any CPU = Release|Any CPU
	EndGlobalSection
	GlobalSection(ProjectConfigurationPlatforms) = postSolution
		{9DA917DF-78CF-4AE6-9088-60CEB8CF9427}.Debug|Any CPU.ActiveCfg = Debug|Any CPU
		{9DA917DF-78CF-4AE6-9088-60CEB8CF9427}.Debug|Any CPU.Build.0 = Debug|Any CPU
		{9DA917DF-78CF-4AE6-9088-60CEB8CF9427}.Release|Any CPU.ActiveCfg = Release|Any CPU
		{9DA917DF-78CF-4AE6-9088-60CEB8CF9427}.Release|Any CPU.Build.0 = Release|Any CPU
		{0E5E9FB9-8918-4B9A-A32A-59472386FCAA}.Debug|Any CPU.ActiveCfg = Debug|Any CPU
		{0E5E9FB9-8918-4B9A-A32A-59472386FCAA}.Debug|Any CPU.Build.0 = Debug|Any CPU
		{0E5E9FB9-8918-4B9A-A32A-59472386FCAA}.Release|Any CPU.ActiveCfg = Release|Any CPU
		{0E5E9FB9-8918-4B9A-A32A-59472386FCAA}.Release|Any CPU.Build.0 = Release|Any CPU
	EndGlobalSection
	GlobalSection(SolutionProperties) = preSolution
		HideSolutionNode = FALSE
	EndGlobalSection
	GlobalSection(ExtensibilityGlobals) = postSolution
		SolutionGuid = {F11E6803-DFDA-4FB2-86BD-54CAF41A2FF9}
	EndGlobalSection
EndGlobal
