
Microsoft Visual Studio Solution File, Format Version 12.00
# Visual Studio Version 16
VisualStudioVersion = 16.0.29521.150
MinimumVisualStudioVersion = 10.0.40219.1
Project("{9A19103F-16F7-4668-BE54-9A1E7A4F7556}") = "SmartDomainDrivenDesign", "SmartDomainDrivenDesign\SmartDomainDrivenDesign.csproj", "{9DA917DF-78CF-4AE6-9088-60CEB8CF9427}"
EndProject
Project("{9A19103F-16F7-4668-BE54-9A1E7A4F7556}") = "SmartDomainDrivenDesign.OrderSample", "SmartDomainDrivenDesign.OrderSample\SmartDomainDrivenDesign.OrderSample.csproj", "{0E5E9FB9-8918-4B9A-A32A-59472386FCAA}"
EndProject
Project("{2150E333-8FDC-42A3-9474-1A3956D46DE8}") = "Solution Items", "Solution Items", "{CB0F0D7B-F00D-48C1-ACE2-0CA33EB59A1D}"
	ProjectSection(SolutionItems) = preProject
		.editorconfig = .editorconfig
	EndProjectSection
EndProject
Global
	GlobalSection(SolutionConfigurationPlatforms) = preSolution
		Debug|Any CPU = Debug|Any CPU
		Release|Any CPU = Release|Any CPU
	EndGlobalSection
	GlobalSection(ProjectConfigurationPlatforms) = postSolution
		{9DA917DF-78CF-4AE6-9088-60CEB8CF9427}.Debug|Any CPU.ActiveCfg = Debug|Any CPU
		{9DA917DF-78CF-4AE6-9088-60CEB8CF9427}.Debug|Any CPU.Build.0 = Debug|Any CPU
		{9DA917DF-78CF-4AE6-9088-60CEB8CF9427}.Release|Any CPU.ActiveCfg = Release|Any CPU
		{9DA917DF-78CF-4AE6-9088-60CEB8CF9427}.Release|Any CPU.Build.0 = Release|Any CPU
		{0E5E9FB9-8918-4B9A-A32A-59472386FCAA}.Debug|Any CPU.ActiveCfg = Debug|Any CPU
		{0E5E9FB9-8918-4B9A-A32A-59472386FCAA}.Debug|Any CPU.Build.0 = Debug|Any CPU
		{0E5E9FB9-8918-4B9A-A32A-59472386FCAA}.Release|Any CPU.ActiveCfg = Release|Any CPU
		{0E5E9FB9-8918-4B9A-A32A-59472386FCAA}.Release|Any CPU.Build.0 = Release|Any CPU
	EndGlobalSection
	GlobalSection(SolutionProperties) = preSolution
		HideSolutionNode = FALSE
	EndGlobalSection
	GlobalSection(ExtensibilityGlobals) = postSolution
		SolutionGuid = {F11E6803-DFDA-4FB2-86BD-54CAF41A2FF9}
	EndGlobalSection
EndGlobal
